// !$*UTF8*$!
{
	archiveVersion = 1;
	classes = {
	};
	objectVersion = 48;
	objects = {

/* Begin PBXBuildFile section */
		C1FC7C11213FCA54006C9A7D /* AppDelegate.swift in Sources */ = {isa = PBXBuildFile; fileRef = C1FC7C10213FCA54006C9A7D /* AppDelegate.swift */; };
		C1FC7C30213FCB42006C9A7D /* SettingsViewController.swift in Sources */ = {isa = PBXBuildFile; fileRef = C1FC7C25213FCB42006C9A7D /* SettingsViewController.swift */; };
		C1FC7C31213FCB42006C9A7D /* PasswordViewController.swift in Sources */ = {isa = PBXBuildFile; fileRef = C1FC7C26213FCB42006C9A7D /* PasswordViewController.swift */; };
		C1FC7C32213FCB42006C9A7D /* HomeViewControllerTableViewCell.swift in Sources */ = {isa = PBXBuildFile; fileRef = C1FC7C27213FCB42006C9A7D /* HomeViewControllerTableViewCell.swift */; };
		C1FC7C33213FCB42006C9A7D /* ReadViewController.swift in Sources */ = {isa = PBXBuildFile; fileRef = C1FC7C28213FCB42006C9A7D /* ReadViewController.swift */; };
		C1FC7C34213FCB42006C9A7D /* Create_Mood_ViewController.swift in Sources */ = {isa = PBXBuildFile; fileRef = C1FC7C29213FCB42006C9A7D /* Create_Mood_ViewController.swift */; };
		C1FC7C35213FCB42006C9A7D /* MyTabBarViewController.swift in Sources */ = {isa = PBXBuildFile; fileRef = C1FC7C2A213FCB42006C9A7D /* MyTabBarViewController.swift */; };
		C1FC7C36213FCB42006C9A7D /* Create_Content_ViewController.swift in Sources */ = {isa = PBXBuildFile; fileRef = C1FC7C2B213FCB42006C9A7D /* Create_Content_ViewController.swift */; };
		C1FC7C37213FCB42006C9A7D /* FilterViewController.swift in Sources */ = {isa = PBXBuildFile; fileRef = C1FC7C2C213FCB42006C9A7D /* FilterViewController.swift */; };
		C1FC7C38213FCB42006C9A7D /* EditViewController.swift in Sources */ = {isa = PBXBuildFile; fileRef = C1FC7C2D213FCB42006C9A7D /* EditViewController.swift */; };
		C1FC7C39213FCB42006C9A7D /* HomeViewController.swift in Sources */ = {isa = PBXBuildFile; fileRef = C1FC7C2E213FCB42006C9A7D /* HomeViewController.swift */; };
		C1FC7C3A213FCB42006C9A7D /* Create_Date_ViewController.swift in Sources */ = {isa = PBXBuildFile; fileRef = C1FC7C2F213FCB42006C9A7D /* Create_Date_ViewController.swift */; };
		C1FC7C3E213FCB4F006C9A7D /* AppEngine.swift in Sources */ = {isa = PBXBuildFile; fileRef = C1FC7C3B213FCB4F006C9A7D /* AppEngine.swift */; };
		C1FC7C3F213FCB4F006C9A7D /* Diary.swift in Sources */ = {isa = PBXBuildFile; fileRef = C1FC7C3C213FCB4F006C9A7D /* Diary.swift */; };
		C1FC7C40213FCB4F006C9A7D /* User.swift in Sources */ = {isa = PBXBuildFile; fileRef = C1FC7C3D213FCB4F006C9A7D /* User.swift */; };
		C1FC7C45213FCB5B006C9A7D /* Main.storyboard in Resources */ = {isa = PBXBuildFile; fileRef = C1FC7C41213FCB5B006C9A7D /* Main.storyboard */; };
		C1FC7C46213FCB5B006C9A7D /* LaunchScreen.storyboard in Resources */ = {isa = PBXBuildFile; fileRef = C1FC7C43213FCB5B006C9A7D /* LaunchScreen.storyboard */; };
		C1FC7C49213FCB6B006C9A7D /* Assets.xcassets in Resources */ = {isa = PBXBuildFile; fileRef = C1FC7C48213FCB6B006C9A7D /* Assets.xcassets */; };
/* End PBXBuildFile section */

/* Begin PBXFileReference section */
		C1FC7C0D213FCA54006C9A7D /* InnerWorld.app */ = {isa = PBXFileReference; explicitFileType = wrapper.application; includeInIndex = 0; path = InnerWorld.app; sourceTree = BUILT_PRODUCTS_DIR; };
		C1FC7C10213FCA54006C9A7D /* AppDelegate.swift */ = {isa = PBXFileReference; lastKnownFileType = sourcecode.swift; path = AppDelegate.swift; sourceTree = "<group>"; };
		C1FC7C1C213FCA54006C9A7D /* Info.plist */ = {isa = PBXFileReference; lastKnownFileType = text.plist.xml; path = Info.plist; sourceTree = "<group>"; };
		C1FC7C25213FCB42006C9A7D /* SettingsViewController.swift */ = {isa = PBXFileReference; fileEncoding = 4; lastKnownFileType = sourcecode.swift; path = SettingsViewController.swift; sourceTree = "<group>"; };
		C1FC7C26213FCB42006C9A7D /* PasswordViewController.swift */ = {isa = PBXFileReference; fileEncoding = 4; lastKnownFileType = sourcecode.swift; path = PasswordViewController.swift; sourceTree = "<group>"; };
		C1FC7C27213FCB42006C9A7D /* HomeViewControllerTableViewCell.swift */ = {isa = PBXFileReference; fileEncoding = 4; lastKnownFileType = sourcecode.swift; path = HomeViewControllerTableViewCell.swift; sourceTree = "<group>"; };
		C1FC7C28213FCB42006C9A7D /* ReadViewController.swift */ = {isa = PBXFileReference; fileEncoding = 4; lastKnownFileType = sourcecode.swift; path = ReadViewController.swift; sourceTree = "<group>"; };
		C1FC7C29213FCB42006C9A7D /* Create_Mood_ViewController.swift */ = {isa = PBXFileReference; fileEncoding = 4; lastKnownFileType = sourcecode.swift; path = Create_Mood_ViewController.swift; sourceTree = "<group>"; };
		C1FC7C2A213FCB42006C9A7D /* MyTabBarViewController.swift */ = {isa = PBXFileReference; fileEncoding = 4; lastKnownFileType = sourcecode.swift; path = MyTabBarViewController.swift; sourceTree = "<group>"; };
		C1FC7C2B213FCB42006C9A7D /* Create_Content_ViewController.swift */ = {isa = PBXFileReference; fileEncoding = 4; lastKnownFileType = sourcecode.swift; path = Create_Content_ViewController.swift; sourceTree = "<group>"; };
		C1FC7C2C213FCB42006C9A7D /* FilterViewController.swift */ = {isa = PBXFileReference; fileEncoding = 4; lastKnownFileType = sourcecode.swift; path = FilterViewController.swift; sourceTree = "<group>"; };
		C1FC7C2D213FCB42006C9A7D /* EditViewController.swift */ = {isa = PBXFileReference; fileEncoding = 4; lastKnownFileType = sourcecode.swift; path = EditViewController.swift; sourceTree = "<group>"; };
		C1FC7C2E213FCB42006C9A7D /* HomeViewController.swift */ = {isa = PBXFileReference; fileEncoding = 4; lastKnownFileType = sourcecode.swift; path = HomeViewController.swift; sourceTree = "<group>"; };
		C1FC7C2F213FCB42006C9A7D /* Create_Date_ViewController.swift */ = {isa = PBXFileReference; fileEncoding = 4; lastKnownFileType = sourcecode.swift; path = Create_Date_ViewController.swift; sourceTree = "<group>"; };
		C1FC7C3B213FCB4F006C9A7D /* AppEngine.swift */ = {isa = PBXFileReference; fileEncoding = 4; lastKnownFileType = sourcecode.swift; path = AppEngine.swift; sourceTree = "<group>"; };
		C1FC7C3C213FCB4F006C9A7D /* Diary.swift */ = {isa = PBXFileReference; fileEncoding = 4; lastKnownFileType = sourcecode.swift; path = Diary.swift; sourceTree = "<group>"; };
		C1FC7C3D213FCB4F006C9A7D /* User.swift */ = {isa = PBXFileReference; fileEncoding = 4; lastKnownFileType = sourcecode.swift; path = User.swift; sourceTree = "<group>"; };
		C1FC7C42213FCB5B006C9A7D /* Base */ = {isa = PBXFileReference; lastKnownFileType = file.storyboard; name = Base; path = Base.lproj/Main.storyboard; sourceTree = "<group>"; };
		C1FC7C44213FCB5B006C9A7D /* Base */ = {isa = PBXFileReference; lastKnownFileType = file.storyboard; name = Base; path = Base.lproj/LaunchScreen.storyboard; sourceTree = "<group>"; };
		C1FC7C48213FCB6B006C9A7D /* Assets.xcassets */ = {isa = PBXFileReference; lastKnownFileType = folder.assetcatalog; name = Assets.xcassets; path = InnerWorld/Views/Assets.xcassets; sourceTree = SOURCE_ROOT; };
/* End PBXFileReference section */

/* Begin PBXFrameworksBuildPhase section */
		C1FC7C0A213FCA54006C9A7D /* Frameworks */ = {
			isa = PBXFrameworksBuildPhase;
			buildActionMask = 2147483647;
			files = (
			);
			runOnlyForDeploymentPostprocessing = 0;
		};
/* End PBXFrameworksBuildPhase section */

/* Begin PBXGroup section */
		C1FC7C04213FCA54006C9A7D = {
			isa = PBXGroup;
			children = (
				C1FC7C0F213FCA54006C9A7D /* InnerWorld */,
				C1FC7C0E213FCA54006C9A7D /* Products */,
			);
			sourceTree = "<group>";
		};
		C1FC7C0E213FCA54006C9A7D /* Products */ = {
			isa = PBXGroup;
			children = (
				C1FC7C0D213FCA54006C9A7D /* InnerWorld.app */,
			);
			name = Products;
			sourceTree = "<group>";
		};
		C1FC7C0F213FCA54006C9A7D /* InnerWorld */ = {
			isa = PBXGroup;
			children = (
				C1FC7C47213FCB63006C9A7D /* Art */,
				C1FC7C24213FCB2B006C9A7D /* Views */,
				C1FC7C23213FCB26006C9A7D /* Models */,
				C1FC7C22213FCB20006C9A7D /* Controllers */,
				C1FC7C10213FCA54006C9A7D /* AppDelegate.swift */,
				C1FC7C1C213FCA54006C9A7D /* Info.plist */,
			);
			path = InnerWorld;
			sourceTree = "<group>";
		};
		C1FC7C22213FCB20006C9A7D /* Controllers */ = {
			isa = PBXGroup;
			children = (
				C1FC7C2B213FCB42006C9A7D /* Create_Content_ViewController.swift */,
				C1FC7C2F213FCB42006C9A7D /* Create_Date_ViewController.swift */,
				C1FC7C29213FCB42006C9A7D /* Create_Mood_ViewController.swift */,
				C1FC7C2D213FCB42006C9A7D /* EditViewController.swift */,
				C1FC7C2C213FCB42006C9A7D /* FilterViewController.swift */,
				C1FC7C2E213FCB42006C9A7D /* HomeViewController.swift */,
				C1FC7C27213FCB42006C9A7D /* HomeViewControllerTableViewCell.swift */,
				C1FC7C2A213FCB42006C9A7D /* MyTabBarViewController.swift */,
				C1FC7C26213FCB42006C9A7D /* PasswordViewController.swift */,
				C1FC7C28213FCB42006C9A7D /* ReadViewController.swift */,
				C1FC7C25213FCB42006C9A7D /* SettingsViewController.swift */,
			);
			path = Controllers;
			sourceTree = "<group>";
		};
		C1FC7C23213FCB26006C9A7D /* Models */ = {
			isa = PBXGroup;
			children = (
				C1FC7C3B213FCB4F006C9A7D /* AppEngine.swift */,
				C1FC7C3C213FCB4F006C9A7D /* Diary.swift */,
				C1FC7C3D213FCB4F006C9A7D /* User.swift */,
			);
			path = Models;
			sourceTree = "<group>";
		};
		C1FC7C24213FCB2B006C9A7D /* Views */ = {
			isa = PBXGroup;
			children = (
				C1FC7C43213FCB5B006C9A7D /* LaunchScreen.storyboard */,
				C1FC7C41213FCB5B006C9A7D /* Main.storyboard */,
			);
			path = Views;
			sourceTree = "<group>";
		};
		C1FC7C47213FCB63006C9A7D /* Art */ = {
			isa = PBXGroup;
			children = (
				C1FC7C48213FCB6B006C9A7D /* Assets.xcassets */,
			);
			path = Art;
			sourceTree = "<group>";
		};
/* End PBXGroup section */

/* Begin PBXNativeTarget section */
		C1FC7C0C213FCA54006C9A7D /* InnerWorld */ = {
			isa = PBXNativeTarget;
			buildConfigurationList = C1FC7C1F213FCA54006C9A7D /* Build configuration list for PBXNativeTarget "InnerWorld" */;
			buildPhases = (
				C1FC7C09213FCA54006C9A7D /* Sources */,
				C1FC7C0A213FCA54006C9A7D /* Frameworks */,
				C1FC7C0B213FCA54006C9A7D /* Resources */,
			);
			buildRules = (
			);
			dependencies = (
			);
			name = InnerWorld;
			productName = InnerWorld;
			productReference = C1FC7C0D213FCA54006C9A7D /* InnerWorld.app */;
			productType = "com.apple.product-type.application";
		};
/* End PBXNativeTarget section */

/* Begin PBXProject section */
		C1FC7C05213FCA54006C9A7D /* Project object */ = {
			isa = PBXProject;
			attributes = {
				LastSwiftUpdateCheck = 0920;
				LastUpgradeCheck = 0920;
				ORGANIZATIONNAME = "Linh Nguyen";
				TargetAttributes = {
					C1FC7C0C213FCA54006C9A7D = {
						CreatedOnToolsVersion = 9.2;
						ProvisioningStyle = Automatic;
					};
				};
			};
			buildConfigurationList = C1FC7C08213FCA54006C9A7D /* Build configuration list for PBXProject "InnerWorld" */;
			compatibilityVersion = "Xcode 8.0";
			developmentRegion = en;
			hasScannedForEncodings = 0;
			knownRegions = (
				en,
				Base,
			);
			mainGroup = C1FC7C04213FCA54006C9A7D;
			productRefGroup = C1FC7C0E213FCA54006C9A7D /* Products */;
			projectDirPath = "";
			projectRoot = "";
			targets = (
				C1FC7C0C213FCA54006C9A7D /* InnerWorld */,
			);
		};
/* End PBXProject section */

/* Begin PBXResourcesBuildPhase section */
		C1FC7C0B213FCA54006C9A7D /* Resources */ = {
			isa = PBXResourcesBuildPhase;
			buildActionMask = 2147483647;
			files = (
				C1FC7C45213FCB5B006C9A7D /* Main.storyboard in Resources */,
				C1FC7C49213FCB6B006C9A7D /* Assets.xcassets in Resources */,
				C1FC7C46213FCB5B006C9A7D /* LaunchScreen.storyboard in Resources */,
			);
			runOnlyForDeploymentPostprocessing = 0;
		};
/* End PBXResourcesBuildPhase section */

/* Begin PBXSourcesBuildPhase section */
		C1FC7C09213FCA54006C9A7D /* Sources */ = {
			isa = PBXSourcesBuildPhase;
			buildActionMask = 2147483647;
			files = (
				C1FC7C38213FCB42006C9A7D /* EditViewController.swift in Sources */,
				C1FC7C34213FCB42006C9A7D /* Create_Mood_ViewController.swift in Sources */,
				C1FC7C11213FCA54006C9A7D /* AppDelegate.swift in Sources */,
				C1FC7C36213FCB42006C9A7D /* Create_Content_ViewController.swift in Sources */,
				C1FC7C3A213FCB42006C9A7D /* Create_Date_ViewController.swift in Sources */,
				C1FC7C3E213FCB4F006C9A7D /* AppEngine.swift in Sources */,
				C1FC7C37213FCB42006C9A7D /* FilterViewController.swift in Sources */,
				C1FC7C3F213FCB4F006C9A7D /* Diary.swift in Sources */,
				C1FC7C40213FCB4F006C9A7D /* User.swift in Sources */,
				C1FC7C30213FCB42006C9A7D /* SettingsViewController.swift in Sources */,
				C1FC7C31213FCB42006C9A7D /* PasswordViewController.swift in Sources */,
				C1FC7C39213FCB42006C9A7D /* HomeViewController.swift in Sources */,
				C1FC7C35213FCB42006C9A7D /* MyTabBarViewController.swift in Sources */,
				C1FC7C32213FCB42006C9A7D /* HomeViewControllerTableViewCell.swift in Sources */,
				C1FC7C33213FCB42006C9A7D /* ReadViewController.swift in Sources */,
			);
			runOnlyForDeploymentPostprocessing = 0;
		};
/* End PBXSourcesBuildPhase section */

/* Begin PBXVariantGroup section */
		C1FC7C41213FCB5B006C9A7D /* Main.storyboard */ = {
			isa = PBXVariantGroup;
			children = (
				C1FC7C42213FCB5B006C9A7D /* Base */,
			);
			name = Main.storyboard;
			sourceTree = "<group>";
		};
		C1FC7C43213FCB5B006C9A7D /* LaunchScreen.storyboard */ = {
			isa = PBXVariantGroup;
			children = (
				C1FC7C44213FCB5B006C9A7D /* Base */,
			);
			name = LaunchScreen.storyboard;
			sourceTree = "<group>";
		};
/* End PBXVariantGroup section */

/* Begin XCBuildConfiguration section */
		C1FC7C1D213FCA54006C9A7D /* Debug */ = {
			isa = XCBuildConfiguration;
			buildSettings = {
				ALWAYS_SEARCH_USER_PATHS = NO;
				CLANG_ANALYZER_NONNULL = YES;
				CLANG_ANALYZER_NUMBER_OBJECT_CONVERSION = YES_AGGRESSIVE;
				CLANG_CXX_LANGUAGE_STANDARD = "gnu++14";
				CLANG_CXX_LIBRARY = "libc++";
				CLANG_ENABLE_MODULES = YES;
				CLANG_ENABLE_OBJC_ARC = YES;
				CLANG_WARN_BLOCK_CAPTURE_AUTORELEASING = YES;
				CLANG_WARN_BOOL_CONVERSION = YES;
				CLANG_WARN_COMMA = YES;
				CLANG_WARN_CONSTANT_CONVERSION = YES;
				CLANG_WARN_DIRECT_OBJC_ISA_USAGE = YES_ERROR;
				CLANG_WARN_DOCUMENTATION_COMMENTS = YES;
				CLANG_WARN_EMPTY_BODY = YES;
				CLANG_WARN_ENUM_CONVERSION = YES;
				CLANG_WARN_INFINITE_RECURSION = YES;
				CLANG_WARN_INT_CONVERSION = YES;
				CLANG_WARN_NON_LITERAL_NULL_CONVERSION = YES;
				CLANG_WARN_OBJC_LITERAL_CONVERSION = YES;
				CLANG_WARN_OBJC_ROOT_CLASS = YES_ERROR;
				CLANG_WARN_RANGE_LOOP_ANALYSIS = YES;
				CLANG_WARN_STRICT_PROTOTYPES = YES;
				CLANG_WARN_SUSPICIOUS_MOVE = YES;
				CLANG_WARN_UNGUARDED_AVAILABILITY = YES_AGGRESSIVE;
				CLANG_WARN_UNREACHABLE_CODE = YES;
				CLANG_WARN__DUPLICATE_METHOD_MATCH = YES;
				CODE_SIGN_IDENTITY = "iPhone Developer";
				COPY_PHASE_STRIP = NO;
				DEBUG_INFORMATION_FORMAT = dwarf;
				ENABLE_STRICT_OBJC_MSGSEND = YES;
				ENABLE_TESTABILITY = YES;
				GCC_C_LANGUAGE_STANDARD = gnu11;
				GCC_DYNAMIC_NO_PIC = NO;
				GCC_NO_COMMON_BLOCKS = YES;
				GCC_OPTIMIZATION_LEVEL = 0;
				GCC_PREPROCESSOR_DEFINITIONS = (
					"DEBUG=1",
					"$(inherited)",
				);
				GCC_WARN_64_TO_32_BIT_CONVERSION = YES;
				GCC_WARN_ABOUT_RETURN_TYPE = YES_ERROR;
				GCC_WARN_UNDECLARED_SELECTOR = YES;
				GCC_WARN_UNINITIALIZED_AUTOS = YES_AGGRESSIVE;
				GCC_WARN_UNUSED_FUNCTION = YES;
				GCC_WARN_UNUSED_VARIABLE = YES;
				IPHONEOS_DEPLOYMENT_TARGET = 11.2;
				MTL_ENABLE_DEBUG_INFO = YES;
				ONLY_ACTIVE_ARCH = YES;
				SDKROOT = iphoneos;
				SWIFT_ACTIVE_COMPILATION_CONDITIONS = DEBUG;
				SWIFT_OPTIMIZATION_LEVEL = "-Onone";
			};
			name = Debug;
		};
		C1FC7C1E213FCA54006C9A7D /* Release */ = {
			isa = XCBuildConfiguration;
			buildSettings = {
				ALWAYS_SEARCH_USER_PATHS = NO;
				CLANG_ANALYZER_NONNULL = YES;
				CLANG_ANALYZER_NUMBER_OBJECT_CONVERSION = YES_AGGRESSIVE;
				CLANG_CXX_LANGUAGE_STANDARD = "gnu++14";
				CLANG_CXX_LIBRARY = "libc++";
				CLANG_ENABLE_MODULES = YES;
				CLANG_ENABLE_OBJC_ARC = YES;
				CLANG_WARN_BLOCK_CAPTURE_AUTORELEASING = YES;
				CLANG_WARN_BOOL_CONVERSION = YES;
				CLANG_WARN_COMMA = YES;
				CLANG_WARN_CONSTANT_CONVERSION = YES;
				CLANG_WARN_DIRECT_OBJC_ISA_USAGE = YES_ERROR;
				CLANG_WARN_DOCUMENTATION_COMMENTS = YES;
				CLANG_WARN_EMPTY_BODY = YES;
				CLANG_WARN_ENUM_CONVERSION = YES;
				CLANG_WARN_INFINITE_RECURSION = YES;
				CLANG_WARN_INT_CONVERSION = YES;
				CLANG_WARN_NON_LITERAL_NULL_CONVERSION = YES;
				CLANG_WARN_OBJC_LITERAL_CONVERSION = YES;
				CLANG_WARN_OBJC_ROOT_CLASS = YES_ERROR;
				CLANG_WARN_RANGE_LOOP_ANALYSIS = YES;
				CLANG_WARN_STRICT_PROTOTYPES = YES;
				CLANG_WARN_SUSPICIOUS_MOVE = YES;
				CLANG_WARN_UNGUARDED_AVAILABILITY = YES_AGGRESSIVE;
				CLANG_WARN_UNREACHABLE_CODE = YES;
				CLANG_WARN__DUPLICATE_METHOD_MATCH = YES;
				CODE_SIGN_IDENTITY = "iPhone Developer";
				COPY_PHASE_STRIP = NO;
				DEBUG_INFORMATION_FORMAT = "dwarf-with-dsym";
				ENABLE_NS_ASSERTIONS = NO;
				ENABLE_STRICT_OBJC_MSGSEND = YES;
				GCC_C_LANGUAGE_STANDARD = gnu11;
				GCC_NO_COMMON_BLOCKS = YES;
				GCC_WARN_64_TO_32_BIT_CONVERSION = YES;
				GCC_WARN_ABOUT_RETURN_TYPE = YES_ERROR;
				GCC_WARN_UNDECLARED_SELECTOR = YES;
				GCC_WARN_UNINITIALIZED_AUTOS = YES_AGGRESSIVE;
				GCC_WARN_UNUSED_FUNCTION = YES;
				GCC_WARN_UNUSED_VARIABLE = YES;
				IPHONEOS_DEPLOYMENT_TARGET = 11.2;
				MTL_ENABLE_DEBUG_INFO = NO;
				SDKROOT = iphoneos;
				SWIFT_OPTIMIZATION_LEVEL = "-Owholemodule";
				VALIDATE_PRODUCT = YES;
			};
			name = Release;
		};
		C1FC7C20213FCA54006C9A7D /* Debug */ = {
			isa = XCBuildConfiguration;
			buildSettings = {
				ASSETCATALOG_COMPILER_APPICON_NAME = AppIcon;
				CODE_SIGN_STYLE = Automatic;
				INFOPLIST_FILE = InnerWorld/Info.plist;
				LD_RUNPATH_SEARCH_PATHS = "$(inherited) @executable_path/Frameworks";
				PRODUCT_BUNDLE_IDENTIFIER = RMIT.InnerWorld;
				PRODUCT_NAME = "$(TARGET_NAME)";
				SWIFT_VERSION = 4.0;
				TARGETED_DEVICE_FAMILY = "1,2";
			};
			name = Debug;
		};
		C1FC7C21213FCA54006C9A7D /* Release */ = {
			isa = XCBuildConfiguration;
			buildSettings = {
				ASSETCATALOG_COMPILER_APPICON_NAME = AppIcon;
				CODE_SIGN_STYLE = Automatic;
				INFOPLIST_FILE = InnerWorld/Info.plist;
				LD_RUNPATH_SEARCH_PATHS = "$(inherited) @executable_path/Frameworks";
				PRODUCT_BUNDLE_IDENTIFIER = RMIT.InnerWorld;
				PRODUCT_NAME = "$(TARGET_NAME)";
				SWIFT_VERSION = 4.0;
				TARGETED_DEVICE_FAMILY = "1,2";
			};
			name = Release;
		};
/* End XCBuildConfiguration section */

/* Begin XCConfigurationList section */
		C1FC7C08213FCA54006C9A7D /* Build configuration list for PBXProject "InnerWorld" */ = {
			isa = XCConfigurationList;
			buildConfigurations = (
				C1FC7C1D213FCA54006C9A7D /* Debug */,
				C1FC7C1E213FCA54006C9A7D /* Release */,
			);
			defaultConfigurationIsVisible = 0;
			defaultConfigurationName = Release;
		};
		C1FC7C1F213FCA54006C9A7D /* Build configuration list for PBXNativeTarget "InnerWorld" */ = {
			isa = XCConfigurationList;
			buildConfigurations = (
				C1FC7C20213FCA54006C9A7D /* Debug */,
				C1FC7C21213FCA54006C9A7D /* Release */,
			);
			defaultConfigurationIsVisible = 0;
			defaultConfigurationName = Release;
		};
/* End XCConfigurationList section */
	};
	rootObject = C1FC7C05213FCA54006C9A7D /* Project object */;
}
